
Microsoft Visual Studio Solution File, Format Version 11.00
# Visual Studio 2010
Project("{FAE04EC0-301F-11D3-BF4B-00C04F79EFBC}") = "Assembly-CSharp", "Assembly-CSharp.csproj", "{BECF6E80-59DE-99D9-D200-ED29666D363F}"
EndProject
Project("{FAE04EC0-301F-11D3-BF4B-00C04F79EFBC}") = "Assembly-CSharp-Editor", "Assembly-CSharp-Editor.csproj", "{832B2C2D-8158-DCF0-D502-D3CB749A68CF}"
EndProject
Global
	GlobalSection(SolutionConfigurationPlatforms) = preSolution
		Debug|Any CPU = Debug|Any CPU
		Release|Any CPU = Release|Any CPU
	EndGlobalSection
	GlobalSection(ProjectConfigurationPlatforms) = postSolution
		{BECF6E80-59DE-99D9-D200-ED29666D363F}.Debug|Any CPU.ActiveCfg = Debug|Any CPU
		{BECF6E80-59DE-99D9-D200-ED29666D363F}.Debug|Any CPU.Build.0 = Debug|Any CPU
		{BECF6E80-59DE-99D9-D200-ED29666D363F}.Release|Any CPU.ActiveCfg = Release|Any CPU
		{BECF6E80-59DE-99D9-D200-ED29666D363F}.Release|Any CPU.Build.0 = Release|Any CPU
		{832B2C2D-8158-DCF0-D502-D3CB749A68CF}.Debug|Any CPU.ActiveCfg = Debug|Any CPU
		{832B2C2D-8158-DCF0-D502-D3CB749A68CF}.Debug|Any CPU.Build.0 = Debug|Any CPU
		{832B2C2D-8158-DCF0-D502-D3CB749A68CF}.Release|Any CPU.ActiveCfg = Release|Any CPU
		{832B2C2D-8158-DCF0-D502-D3CB749A68CF}.Release|Any CPU.Build.0 = Release|Any CPU
	EndGlobalSection
	GlobalSection(SolutionProperties) = preSolution
		HideSolutionNode = FALSE
	EndGlobalSection
EndGlobal
